<?xml version="1.0" encoding="UTF-8" standalone="yes" ?>
<CodeBlocks_project_file>
	<FileVersion major="1" minor="6" />
	<Project>
		<Option title="splitter" />
		<Option pch_mode="2" />
		<Option compiler="gcc" />
		<Build>
			<Target title="Debug">
				<Option output="bin/Debug/splitter" prefix_auto="1" extension_auto="1" />
				<Option object_output="obj/Debug/" />
				<Option type="1" />
				<Option compiler="gcc" />
				<Compiler>
					<Add option="-g" />
					<Add directory="/usr/local/include/SFML" />
					<Add directory="/usr/local/include/Box2D" />
					<Add directory="include" />
					<Add directory="SFML-tools/SFML-tools/include" />
					<Add directory="Box2d-tools/Box2d tools/include" />
				</Compiler>
				<Linker>
					<Add library="/usr/local/lib/libBox2D.a" />
					<Add library="sfml-graphics" />
					<Add library="sfml-system" />
					<Add library="sfml-window" />
				</Linker>
			</Target>
			<Target title="Release">
				<Option output="bin/Release/splitter" prefix_auto="1" extension_auto="1" />
				<Option object_output="obj/Release/" />
				<Option type="1" />
				<Option compiler="gcc" />
				<Compiler>
					<Add option="-O2" />
				</Compiler>
				<Linker>
					<Add option="-s" />
				</Linker>
			</Target>
		</Build>
		<Compiler>
			<Add option="-Wall" />
		</Compiler>
		<Unit filename="Box2d-tools/Box2d tools/include/B2BoxBuilder.h" />
		<Unit filename="Box2d-tools/Box2d tools/include/B2Builder.h" />
		<Unit filename="Box2d-tools/Box2d tools/include/B2DBuilderHelper.h" />
		<Unit filename="Box2d-tools/Box2d tools/include/Box2DConstants.h" />
		<Unit filename="Box2d-tools/Box2d tools/include/SFMLB2dDebugDraw.h" />
		<Unit filename="Box2d-tools/Box2d tools/src/B2BoxBuilder.cpp" />
		<Unit filename="Box2d-tools/Box2d tools/src/B2DBuilder.cpp" />
		<Unit filename="Box2d-tools/Box2d tools/src/SFMLB2dDebugDraw.cpp" />
		<Unit filename="SFML-tools/SFML-tools/include/Action.h" />
		<Unit filename="SFML-tools/SFML-tools/include/ActionController.h" />
		<Unit filename="SFML-tools/SFML-tools/include/ActionNode.h" />
		<Unit filename="SFML-tools/SFML-tools/include/EventNode.h" />
		<Unit filename="SFML-tools/SFML-tools/include/InputEventNode.h" />
		<Unit filename="SFML-tools/SFML-tools/include/InputNodes.h" />
		<Unit filename="SFML-tools/SFML-tools/include/TemplateHasher.h" />
		<Unit filename="SFML-tools/SFML-tools/src/Action.cpp" />
		<Unit filename="SFML-tools/SFML-tools/src/AndEventNode.cpp" />
		<Unit filename="SFML-tools/SFML-tools/src/InputEventNode.cpp" />
		<Unit filename="SFML-tools/SFML-tools/src/OrEventNode.cpp" />
		<Unit filename="SFML-tools/SFML-tools/src/RealTimeNode.cpp" />
		<Unit filename="SFML-tools/SFML-tools/src/RealtimeAndNode.cpp" />
		<Unit filename="SFML-tools/SFML-tools/src/RealtimeOrNode.cpp" />
		<Unit filename="include/B2DWorld.h" />
		<Unit filename="include/RayCastCallback.h" />
		<Unit filename="src/B2DWorld.cpp" />
		<Unit filename="src/RayCastCallback.cpp" />
		<Unit filename="src/main.cpp" />
		<Extensions>
			<code_completion />
			<debugger />
		</Extensions>
	</Project>
</CodeBlocks_project_file>
